{
  "name": "hello-world",
  "version": "1.0.0",
  "lockfileVersion": 1,
  "requires": true,
  "dependencies": {
    "@dazn/lambda-powertools-correlation-ids": {
      "version": "1.24.1",
      "resolved": "https://registry.npmjs.org/@dazn/lambda-powertools-correlation-ids/-/lambda-powertools-correlation-ids-1.24.1.tgz",
      "integrity": "sha512-03kwqDKpeuPDtOzRl+cGN+1g4AJ5sXubMla+ph4p3FqZRkcCOTWRrNoX+O+NMTRWZOojyhAi+comaoHMaEVY0A=="
    },
    "@dazn/lambda-powertools-logger": {
      "version": "1.24.1",
      "resolved": "https://registry.npmjs.org/@dazn/lambda-powertools-logger/-/lambda-powertools-logger-1.24.1.tgz",
      "integrity": "sha512-nAYPnF0XWZ/WUY1TA06EFaX35djpCPWpRWIbmQZFBo/AKn8ekR2EpqYKduUTBnbC5IKPiTKFQgfk1togF+RFEg==",
      "requires": {
        "@dazn/lambda-powertools-correlation-ids": "^1.24.1"
      }
    }
  }
}
